Microsoft Visual Studio Solution File, Format Version 12.00
# Visual Studio Version 17
VisualStudioVersion = 17.5.2.0
MinimumVisualStudioVersion = 10.0.40219.1
Project("{FAE04EC0-301F-11D3-BF4B-00C04F79EFBC}") = "RPGtxt", "RPGtxt\RPGtxt.csproj", "{6785B1EA-B7E6-3D7F-FA1B-06430D50E7D7}"
EndProject
Global
	GlobalSection(SolutionConfigurationPlatforms) = preSolution
		Debug|Any CPU = Debug|Any CPU
		Release|Any CPU = Release|Any CPU
	EndGlobalSection
	GlobalSection(ProjectConfigurationPlatforms) = postSolution
		{6785B1EA-B7E6-3D7F-FA1B-06430D50E7D7}.Debug|Any CPU.ActiveCfg = Debug|Any CPU
		{6785B1EA-B7E6-3D7F-FA1B-06430D50E7D7}.Debug|Any CPU.Build.0 = Debug|Any CPU
		{6785B1EA-B7E6-3D7F-FA1B-06430D50E7D7}.Release|Any CPU.ActiveCfg = Release|Any CPU
		{6785B1EA-B7E6-3D7F-FA1B-06430D50E7D7}.Release|Any CPU.Build.0 = Release|Any CPU
	EndGlobalSection
	GlobalSection(SolutionProperties) = preSolution
		HideSolutionNode = FALSE
	EndGlobalSection
	GlobalSection(ExtensibilityGlobals) = postSolution
		SolutionGuid = {23E2B149-05BA-4B9E-B33A-FD355E41A749}
	EndGlobalSection
EndGlobal
